{
  "name": "@korusbyanthm/client",
  "version": "0.0.1",
  "lockfileVersion": 2,
  "requires": true,
  "packages": {
    "": {
      "name": "@korusbyanthm/client",
      "version": "0.0.1",
      "license": "UNLICENSED",
      "dependencies": {
        "@korusbyanthm/ksrt": "latest",
        "@korusbyanthm/regex": "latest",
        "@korusbyanthm/types": "latest",
        "axios": "^1.2.2"
      },
      "devDependencies": {
        "@types/node": "^18.11.18",
        "typescript": "^4.9.4"
      }
    },
    "node_modules/@korusbyanthm/ksrt": {
      "version": "0.0.3",
      "resolved": "https://registry.npmjs.org/@korusbyanthm/ksrt/-/ksrt-0.0.3.tgz",
      "integrity": "sha512-a/D5VkA2UuNz/Ow3cH+lVMIm4d8yh6AtGFIIBqpPuDvUJfA2HUSQVEYC1m2WQSUGzBBVl9WVjxNSZP3cZWMKbQ==",
      "dependencies": {
        "@korusbyanthm/regex": "latest",
        "srt-validator": "^6.0.3",
        "srtparsejs": "^1.0.8"
      }
    },
    "node_modules/@korusbyanthm/regex": {
      "version": "2.1.3",
      "resolved": "https://registry.npmjs.org/@korusbyanthm/regex/-/regex-2.1.3.tgz",
      "integrity": "sha512-JdZYMnAcxxPpIpoW7QxubTuIBr4OYmLdmSYm6N4H5A99I4ws9GSndMuZcAI7i+Pd/sJ+UcYuEXzRUM8rz7zMbg==",
      "dependencies": {
        "country-data": "^0.0.31",
        "email-regex": "^5.0.0",
        "email-validator": "^2.0.4",
        "password-meter": "^3.9.3",
        "phone": "^3.1.31",
        "phone-regex": "^2.1.0"
      }
    },
    "node_modules/@korusbyanthm/types": {
      "version": "1.1.0",
      "resolved": "https://registry.npmjs.org/@korusbyanthm/types/-/types-1.1.0.tgz",
      "integrity": "sha512-WuC7KwCfQFRKEXIspNoIHn35Srh61S2A9LkvL0Zzh625ONWJnflBFjZqwJg/wvjEONiufZx+ZI5URi6VW9Vmlg==",
      "dependencies": {
        "country-data": "^0.0.31",
        "mime-db": "^1.52.0"
      }
    },
    "node_modules/@types/node": {
      "version": "18.11.18",
      "resolved": "https://registry.npmjs.org/@types/node/-/node-18.11.18.tgz",
      "integrity": "sha512-DHQpWGjyQKSHj3ebjFI/wRKcqQcdR+MoFBygntYOZytCqNfkd2ZC4ARDJ2DQqhjH5p85Nnd3jhUJIXrszFX/JA==",
      "dev": true
    },
    "node_modules/asynckit": {
      "version": "0.4.0",
      "resolved": "https://registry.npmjs.org/asynckit/-/asynckit-0.4.0.tgz",
      "integrity": "sha512-Oei9OH4tRh0YqU3GxhX79dM/mwVgvbZJaSNaRk+bshkj0S5cfHcgYakreBjrHwatXKbz+IoIdYLxrKim2MjW0Q=="
    },
    "node_modules/axios": {
      "version": "1.2.2",
      "resolved": "https://registry.npmjs.org/axios/-/axios-1.2.2.tgz",
      "integrity": "sha512-bz/J4gS2S3I7mpN/YZfGFTqhXTYzRho8Ay38w2otuuDR322KzFIWm/4W2K6gIwvWaws5n+mnb7D1lN9uD+QH6Q==",
      "dependencies": {
        "follow-redirects": "^1.15.0",
        "form-data": "^4.0.0",
        "proxy-from-env": "^1.1.0"
      }
    },
    "node_modules/combined-stream": {
      "version": "1.0.8",
      "resolved": "https://registry.npmjs.org/combined-stream/-/combined-stream-1.0.8.tgz",
      "integrity": "sha512-FQN4MRfuJeHf7cBbBMJFXhKSDq+2kAArBlmRBvcvFE5BB1HZKXtSFASDhdlz9zOYwxh8lDdnvmMOe/+5cdoEdg==",
      "dependencies": {
        "delayed-stream": "~1.0.0"
      },
      "engines": {
        "node": ">= 0.8"
      }
    },
    "node_modules/country-data": {
      "version": "0.0.31",
      "resolved": "https://registry.npmjs.org/country-data/-/country-data-0.0.31.tgz",
      "integrity": "sha512-YqlY/i6ikZwoBFfdjK+hJTGaBdTgDpXLI15MCj2UsXZ2cPBb+Kx86AXmDH7PRGt0LUleck0cCgNdWeIhfbcxkQ==",
      "dependencies": {
        "currency-symbol-map": "~2",
        "underscore": ">1.4.4"
      }
    },
    "node_modules/currency-symbol-map": {
      "version": "2.2.0",
      "resolved": "https://registry.npmjs.org/currency-symbol-map/-/currency-symbol-map-2.2.0.tgz",
      "integrity": "sha512-fPZJ3jqM68+AAgqQ7UaGbgHL/39rp6l7GyqS2k1HJPu/kpS8D07x/+Uup6a9tCUKIlOFcRrDCf1qxSt8jnI5BA=="
    },
    "node_modules/delayed-stream": {
      "version": "1.0.0",
      "resolved": "https://registry.npmjs.org/delayed-stream/-/delayed-stream-1.0.0.tgz",
      "integrity": "sha512-ZySD7Nf91aLB0RxL4KGrKHBXl7Eds1DAmEdcoVawXnLD7SDhpNgtuII2aAkg7a7QS41jxPSZ17p4VdGnMHk3MQ==",
      "engines": {
        "node": ">=0.4.0"
      }
    },
    "node_modules/email-regex": {
      "version": "5.0.0",
      "resolved": "https://registry.npmjs.org/email-regex/-/email-regex-5.0.0.tgz",
      "integrity": "sha512-he76Cm8JFxb6OGQHabLBPdsiStgPmJeAEhctmw0uhonUh1pCBsHpI6/rB62s2GNzjBb0YlhIcF/1l9Lp5AfH0Q==",
      "engines": {
        "node": ">=12"
      },
      "funding": {
        "url": "https://github.com/sponsors/sindresorhus"
      }
    },
    "node_modules/email-validator": {
      "version": "2.0.4",
      "resolved": "https://registry.npmjs.org/email-validator/-/email-validator-2.0.4.tgz",
      "integrity": "sha512-gYCwo7kh5S3IDyZPLZf6hSS0MnZT8QmJFqYvbqlDZSbwdZlY6QZWxJ4i/6UhITOJ4XzyI647Bm2MXKCLqnJ4nQ==",
      "engines": {
        "node": ">4.0"
      }
    },
    "node_modules/follow-redirects": {
      "version": "1.15.2",
      "resolved": "https://registry.npmjs.org/follow-redirects/-/follow-redirects-1.15.2.tgz",
      "integrity": "sha512-VQLG33o04KaQ8uYi2tVNbdrWp1QWxNNea+nmIB4EVM28v0hmP17z7aG1+wAkNzVq4KeXTq3221ye5qTJP91JwA==",
      "funding": [
        {
          "type": "individual",
          "url": "https://github.com/sponsors/RubenVerborgh"
        }
      ],
      "engines": {
        "node": ">=4.0"
      },
      "peerDependenciesMeta": {
        "debug": {
          "optional": true
        }
      }
    },
    "node_modules/form-data": {
      "version": "4.0.0",
      "resolved": "https://registry.npmjs.org/form-data/-/form-data-4.0.0.tgz",
      "integrity": "sha512-ETEklSGi5t0QMZuiXoA/Q6vcnxcLQP5vdugSpuAyi6SVGi2clPPp+xgEhuMaHC+zGgn31Kd235W35f7Hykkaww==",
      "dependencies": {
        "asynckit": "^0.4.0",
        "combined-stream": "^1.0.8",
        "mime-types": "^2.1.12"
      },
      "engines": {
        "node": ">= 6"
      }
    },
    "node_modules/mime-db": {
      "version": "1.52.0",
      "resolved": "https://registry.npmjs.org/mime-db/-/mime-db-1.52.0.tgz",
      "integrity": "sha512-sPU4uV7dYlvtWJxwwxHD0PuihVNiE7TyAbQ5SWxDCB9mUYvOgroQOwYQQOKPJ8CIbE+1ETVlOoK1UC2nU3gYvg==",
      "engines": {
        "node": ">= 0.6"
      }
    },
    "node_modules/mime-types": {
      "version": "2.1.35",
      "resolved": "https://registry.npmjs.org/mime-types/-/mime-types-2.1.35.tgz",
      "integrity": "sha512-ZDY+bPm5zTTF+YpCrAU9nK0UgICYPT0QtT1NZWFv4s++TNkcgVaT0g6+4R2uI4MjQjzysHB1zxuWL50hzaeXiw==",
      "dependencies": {
        "mime-db": "1.52.0"
      },
      "engines": {
        "node": ">= 0.6"
      }
    },
    "node_modules/password-meter": {
      "version": "3.9.3",
      "resolved": "https://registry.npmjs.org/password-meter/-/password-meter-3.9.3.tgz",
      "integrity": "sha512-S0TSkXZ4w6B/ykYPJR3mRuJCz2c73kPub7C0o02dgcmpB6fX0hikewpmWxqRbwuvBHcJXfC8+D7g/Qq/eBrv9g==",
      "engines": {
        "node": ">=12",
        "npm": ">=6"
      }
    },
    "node_modules/phone": {
      "version": "3.1.32",
      "resolved": "https://registry.npmjs.org/phone/-/phone-3.1.32.tgz",
      "integrity": "sha512-kT89uAqNr8sEXjv/2NDzp2Kpb/BQ5bTzHMLZFwUnqDnDBaObcO3qLzQ030tDlhxZrFVUd+EIq8pie5/L8SNVrQ==",
      "engines": {
        "node": ">=12"
      }
    },
    "node_modules/phone-regex": {
      "version": "2.1.0",
      "resolved": "https://registry.npmjs.org/phone-regex/-/phone-regex-2.1.0.tgz",
      "integrity": "sha512-9lXTghLpr/jU6Dx9JIacAUt3Hl7qVucW8+Iqwx99dvFSO9imlB2xvY6IyT6Sw554QTtHMnhvPUygGaN5k0pv9Q=="
    },
    "node_modules/proxy-from-env": {
      "version": "1.1.0",
      "resolved": "https://registry.npmjs.org/proxy-from-env/-/proxy-from-env-1.1.0.tgz",
      "integrity": "sha512-D+zkORCbA9f1tdWRK0RaCR3GPv50cMxcrz4X8k5LTSUD1Dkw47mKJEZQNunItRTkWwgtaUSo1RVFRIG9ZXiFYg=="
    },
    "node_modules/srt-validator": {
      "version": "6.0.3",
      "resolved": "https://registry.npmjs.org/srt-validator/-/srt-validator-6.0.3.tgz",
      "integrity": "sha512-drJvQLTKrS6/TnSPtOxlLwS0u50Wl6m+nBTDfwIhzn4WD89y1WxxvvC7x4Euh4O0QTXFZksmOZWJaWTJENvj7w==",
      "engines": {
        "node": ">= 12.22.0"
      }
    },
    "node_modules/srtparsejs": {
      "version": "1.0.8",
      "resolved": "https://registry.npmjs.org/srtparsejs/-/srtparsejs-1.0.8.tgz",
      "integrity": "sha512-xXyMHb8XWIFEYaLYa/RqXOXYdpxnk5VdonBEuv0CRfOxS8FVVeo4ZfPeUuhL3IRUQPClUxTI2oKPC0comyIPOA=="
    },
    "node_modules/typescript": {
      "version": "4.9.4",
      "resolved": "https://registry.npmjs.org/typescript/-/typescript-4.9.4.tgz",
      "integrity": "sha512-Uz+dTXYzxXXbsFpM86Wh3dKCxrQqUcVMxwU54orwlJjOpO3ao8L7j5lH+dWfTwgCwIuM9GQ2kvVotzYJMXTBZg==",
      "dev": true,
      "bin": {
        "tsc": "bin/tsc",
        "tsserver": "bin/tsserver"
      },
      "engines": {
        "node": ">=4.2.0"
      }
    },
    "node_modules/underscore": {
      "version": "1.13.6",
      "resolved": "https://registry.npmjs.org/underscore/-/underscore-1.13.6.tgz",
      "integrity": "sha512-+A5Sja4HP1M08MaXya7p5LvjuM7K6q/2EaC0+iovj/wOcMsTzMvDFbasi/oSapiwOlt252IqsKqPjCl7huKS0A=="
    }
  },
  "dependencies": {
    "@korusbyanthm/ksrt": {
      "version": "0.0.3",
      "resolved": "https://registry.npmjs.org/@korusbyanthm/ksrt/-/ksrt-0.0.3.tgz",
      "integrity": "sha512-a/D5VkA2UuNz/Ow3cH+lVMIm4d8yh6AtGFIIBqpPuDvUJfA2HUSQVEYC1m2WQSUGzBBVl9WVjxNSZP3cZWMKbQ==",
      "requires": {
        "@korusbyanthm/regex": "latest",
        "srt-validator": "^6.0.3",
        "srtparsejs": "^1.0.8"
      }
    },
    "@korusbyanthm/regex": {
      "version": "2.1.3",
      "resolved": "https://registry.npmjs.org/@korusbyanthm/regex/-/regex-2.1.3.tgz",
      "integrity": "sha512-JdZYMnAcxxPpIpoW7QxubTuIBr4OYmLdmSYm6N4H5A99I4ws9GSndMuZcAI7i+Pd/sJ+UcYuEXzRUM8rz7zMbg==",
      "requires": {
        "country-data": "^0.0.31",
        "email-regex": "^5.0.0",
        "email-validator": "^2.0.4",
        "password-meter": "^3.9.3",
        "phone": "^3.1.31",
        "phone-regex": "^2.1.0"
      }
    },
    "@korusbyanthm/types": {
      "version": "1.1.0",
      "resolved": "https://registry.npmjs.org/@korusbyanthm/types/-/types-1.1.0.tgz",
      "integrity": "sha512-WuC7KwCfQFRKEXIspNoIHn35Srh61S2A9LkvL0Zzh625ONWJnflBFjZqwJg/wvjEONiufZx+ZI5URi6VW9Vmlg==",
      "requires": {
        "country-data": "^0.0.31",
        "mime-db": "^1.52.0"
      }
    },
    "@types/node": {
      "version": "18.11.18",
      "resolved": "https://registry.npmjs.org/@types/node/-/node-18.11.18.tgz",
      "integrity": "sha512-DHQpWGjyQKSHj3ebjFI/wRKcqQcdR+MoFBygntYOZytCqNfkd2ZC4ARDJ2DQqhjH5p85Nnd3jhUJIXrszFX/JA==",
      "dev": true
    },
    "asynckit": {
      "version": "0.4.0",
      "resolved": "https://registry.npmjs.org/asynckit/-/asynckit-0.4.0.tgz",
      "integrity": "sha512-Oei9OH4tRh0YqU3GxhX79dM/mwVgvbZJaSNaRk+bshkj0S5cfHcgYakreBjrHwatXKbz+IoIdYLxrKim2MjW0Q=="
    },
    "axios": {
      "version": "1.2.2",
      "resolved": "https://registry.npmjs.org/axios/-/axios-1.2.2.tgz",
      "integrity": "sha512-bz/J4gS2S3I7mpN/YZfGFTqhXTYzRho8Ay38w2otuuDR322KzFIWm/4W2K6gIwvWaws5n+mnb7D1lN9uD+QH6Q==",
      "requires": {
        "follow-redirects": "^1.15.0",
        "form-data": "^4.0.0",
        "proxy-from-env": "^1.1.0"
      }
    },
    "combined-stream": {
      "version": "1.0.8",
      "resolved": "https://registry.npmjs.org/combined-stream/-/combined-stream-1.0.8.tgz",
      "integrity": "sha512-FQN4MRfuJeHf7cBbBMJFXhKSDq+2kAArBlmRBvcvFE5BB1HZKXtSFASDhdlz9zOYwxh8lDdnvmMOe/+5cdoEdg==",
      "requires": {
        "delayed-stream": "~1.0.0"
      }
    },
    "country-data": {
      "version": "0.0.31",
      "resolved": "https://registry.npmjs.org/country-data/-/country-data-0.0.31.tgz",
      "integrity": "sha512-YqlY/i6ikZwoBFfdjK+hJTGaBdTgDpXLI15MCj2UsXZ2cPBb+Kx86AXmDH7PRGt0LUleck0cCgNdWeIhfbcxkQ==",
      "requires": {
        "currency-symbol-map": "~2",
        "underscore": ">1.4.4"
      }
    },
    "currency-symbol-map": {
      "version": "2.2.0",
      "resolved": "https://registry.npmjs.org/currency-symbol-map/-/currency-symbol-map-2.2.0.tgz",
      "integrity": "sha512-fPZJ3jqM68+AAgqQ7UaGbgHL/39rp6l7GyqS2k1HJPu/kpS8D07x/+Uup6a9tCUKIlOFcRrDCf1qxSt8jnI5BA=="
    },
    "delayed-stream": {
      "version": "1.0.0",
      "resolved": "https://registry.npmjs.org/delayed-stream/-/delayed-stream-1.0.0.tgz",
      "integrity": "sha512-ZySD7Nf91aLB0RxL4KGrKHBXl7Eds1DAmEdcoVawXnLD7SDhpNgtuII2aAkg7a7QS41jxPSZ17p4VdGnMHk3MQ=="
    },
    "email-regex": {
      "version": "5.0.0",
      "resolved": "https://registry.npmjs.org/email-regex/-/email-regex-5.0.0.tgz",
      "integrity": "sha512-he76Cm8JFxb6OGQHabLBPdsiStgPmJeAEhctmw0uhonUh1pCBsHpI6/rB62s2GNzjBb0YlhIcF/1l9Lp5AfH0Q=="
    },
    "email-validator": {
      "version": "2.0.4",
      "resolved": "https://registry.npmjs.org/email-validator/-/email-validator-2.0.4.tgz",
      "integrity": "sha512-gYCwo7kh5S3IDyZPLZf6hSS0MnZT8QmJFqYvbqlDZSbwdZlY6QZWxJ4i/6UhITOJ4XzyI647Bm2MXKCLqnJ4nQ=="
    },
    "follow-redirects": {
      "version": "1.15.2",
      "resolved": "https://registry.npmjs.org/follow-redirects/-/follow-redirects-1.15.2.tgz",
      "integrity": "sha512-VQLG33o04KaQ8uYi2tVNbdrWp1QWxNNea+nmIB4EVM28v0hmP17z7aG1+wAkNzVq4KeXTq3221ye5qTJP91JwA=="
    },
    "form-data": {
      "version": "4.0.0",
      "resolved": "https://registry.npmjs.org/form-data/-/form-data-4.0.0.tgz",
      "integrity": "sha512-ETEklSGi5t0QMZuiXoA/Q6vcnxcLQP5vdugSpuAyi6SVGi2clPPp+xgEhuMaHC+zGgn31Kd235W35f7Hykkaww==",
      "requires": {
        "asynckit": "^0.4.0",
        "combined-stream": "^1.0.8",
        "mime-types": "^2.1.12"
      }
    },
    "mime-db": {
      "version": "1.52.0",
      "resolved": "https://registry.npmjs.org/mime-db/-/mime-db-1.52.0.tgz",
      "integrity": "sha512-sPU4uV7dYlvtWJxwwxHD0PuihVNiE7TyAbQ5SWxDCB9mUYvOgroQOwYQQOKPJ8CIbE+1ETVlOoK1UC2nU3gYvg=="
    },
    "mime-types": {
      "version": "2.1.35",
      "resolved": "https://registry.npmjs.org/mime-types/-/mime-types-2.1.35.tgz",
      "integrity": "sha512-ZDY+bPm5zTTF+YpCrAU9nK0UgICYPT0QtT1NZWFv4s++TNkcgVaT0g6+4R2uI4MjQjzysHB1zxuWL50hzaeXiw==",
      "requires": {
        "mime-db": "1.52.0"
      }
    },
    "password-meter": {
      "version": "3.9.3",
      "resolved": "https://registry.npmjs.org/password-meter/-/password-meter-3.9.3.tgz",
      "integrity": "sha512-S0TSkXZ4w6B/ykYPJR3mRuJCz2c73kPub7C0o02dgcmpB6fX0hikewpmWxqRbwuvBHcJXfC8+D7g/Qq/eBrv9g=="
    },
    "phone": {
      "version": "3.1.32",
      "resolved": "https://registry.npmjs.org/phone/-/phone-3.1.32.tgz",
      "integrity": "sha512-kT89uAqNr8sEXjv/2NDzp2Kpb/BQ5bTzHMLZFwUnqDnDBaObcO3qLzQ030tDlhxZrFVUd+EIq8pie5/L8SNVrQ=="
    },
    "phone-regex": {
      "version": "2.1.0",
      "resolved": "https://registry.npmjs.org/phone-regex/-/phone-regex-2.1.0.tgz",
      "integrity": "sha512-9lXTghLpr/jU6Dx9JIacAUt3Hl7qVucW8+Iqwx99dvFSO9imlB2xvY6IyT6Sw554QTtHMnhvPUygGaN5k0pv9Q=="
    },
    "proxy-from-env": {
      "version": "1.1.0",
      "resolved": "https://registry.npmjs.org/proxy-from-env/-/proxy-from-env-1.1.0.tgz",
      "integrity": "sha512-D+zkORCbA9f1tdWRK0RaCR3GPv50cMxcrz4X8k5LTSUD1Dkw47mKJEZQNunItRTkWwgtaUSo1RVFRIG9ZXiFYg=="
    },
    "srt-validator": {
      "version": "6.0.3",
      "resolved": "https://registry.npmjs.org/srt-validator/-/srt-validator-6.0.3.tgz",
      "integrity": "sha512-drJvQLTKrS6/TnSPtOxlLwS0u50Wl6m+nBTDfwIhzn4WD89y1WxxvvC7x4Euh4O0QTXFZksmOZWJaWTJENvj7w=="
    },
    "srtparsejs": {
      "version": "1.0.8",
      "resolved": "https://registry.npmjs.org/srtparsejs/-/srtparsejs-1.0.8.tgz",
      "integrity": "sha512-xXyMHb8XWIFEYaLYa/RqXOXYdpxnk5VdonBEuv0CRfOxS8FVVeo4ZfPeUuhL3IRUQPClUxTI2oKPC0comyIPOA=="
    },
    "typescript": {
      "version": "4.9.4",
      "resolved": "https://registry.npmjs.org/typescript/-/typescript-4.9.4.tgz",
      "integrity": "sha512-Uz+dTXYzxXXbsFpM86Wh3dKCxrQqUcVMxwU54orwlJjOpO3ao8L7j5lH+dWfTwgCwIuM9GQ2kvVotzYJMXTBZg==",
      "dev": true
    },
    "underscore": {
      "version": "1.13.6",
      "resolved": "https://registry.npmjs.org/underscore/-/underscore-1.13.6.tgz",
      "integrity": "sha512-+A5Sja4HP1M08MaXya7p5LvjuM7K6q/2EaC0+iovj/wOcMsTzMvDFbasi/oSapiwOlt252IqsKqPjCl7huKS0A=="
    }
  }
}
